// !$*UTF8*$!
{
	archiveVersion = 1;
	classes = {
	};
	objectVersion = 50;
	objects = {

/* Begin PBXBuildFile section */
		1B3FA0A6222574B700280565 /* Map1.swift in Sources */ = {isa = PBXBuildFile; fileRef = 1B3FA0A5222574B700280565 /* Map1.swift */; };
		1B3FA0A82225B5D900280565 /* FighterFallState.swift in Sources */ = {isa = PBXBuildFile; fileRef = 1B3FA0A72225B5D900280565 /* FighterFallState.swift */; };
		1BBDABAC2236AB4E00DCEDC9 /* FighterKnockbackState.swift in Sources */ = {isa = PBXBuildFile; fileRef = 1BBDABAB2236AB4E00DCEDC9 /* FighterKnockbackState.swift */; };
		1BDFA7EE2227148400622BC6 /* FighterHurtState.swift in Sources */ = {isa = PBXBuildFile; fileRef = 1BDFA7ED2227148400622BC6 /* FighterHurtState.swift */; };
		1BDFA7F0222719F100622BC6 /* Hurt.atlas in Resources */ = {isa = PBXBuildFile; fileRef = 1BDFA7EF222719F100622BC6 /* Hurt.atlas */; };
		1BDFA7F222272F9200622BC6 /* Die.atlas in Resources */ = {isa = PBXBuildFile; fileRef = 1BDFA7F122272F9200622BC6 /* Die.atlas */; };
		1BDFA7F422272FED00622BC6 /* FighterDieState.swift in Sources */ = {isa = PBXBuildFile; fileRef = 1BDFA7F322272FED00622BC6 /* FighterDieState.swift */; };
		48441D6522295C040005EC3A /* FighterArena.plist in Resources */ = {isa = PBXBuildFile; fileRef = 48441D6422295C040005EC3A /* FighterArena.plist */; };
		48441D692229698F0005EC3A /* Arena.swift in Sources */ = {isa = PBXBuildFile; fileRef = 48441D682229698F0005EC3A /* Arena.swift */; };
		48441D6C22296A9C0005EC3A /* Platform.swift in Sources */ = {isa = PBXBuildFile; fileRef = 48441D6B22296A9C0005EC3A /* Platform.swift */; };
		4857C9E12234300300EFA2E9 /* PListManager.swift in Sources */ = {isa = PBXBuildFile; fileRef = 4857C9E02234300300EFA2E9 /* PListManager.swift */; };
		6C2F3F7A2237DE420087A768 /* VirtualButtonNode.swift in Sources */ = {isa = PBXBuildFile; fileRef = 6C2F3F792237DE420087A768 /* VirtualButtonNode.swift */; };
		6C2F3F7C2237DE520087A768 /* JoystickComponent.swift in Sources */ = {isa = PBXBuildFile; fileRef = 6C2F3F7B2237DE520087A768 /* JoystickComponent.swift */; };
		6C2F3F7E2237DE580087A768 /* JoystickNode.swift in Sources */ = {isa = PBXBuildFile; fileRef = 6C2F3F7D2237DE580087A768 /* JoystickNode.swift */; };
		6C2F3F802237DE9D0087A768 /* InputController.swift in Sources */ = {isa = PBXBuildFile; fileRef = 6C2F3F7F2237DE9D0087A768 /* InputController.swift */; };
		6C2F3F822237DEA50087A768 /* JoystickDelegate.swift in Sources */ = {isa = PBXBuildFile; fileRef = 6C2F3F812237DEA50087A768 /* JoystickDelegate.swift */; };
		6C92348822294BA800F74567 /* MenuScene.swift in Sources */ = {isa = PBXBuildFile; fileRef = 6C92348722294BA800F74567 /* MenuScene.swift */; };
		6C92348A22294BDA00F74567 /* MenuScene.sks in Resources */ = {isa = PBXBuildFile; fileRef = 6C92348922294BDA00F74567 /* MenuScene.sks */; };
		6C92348D22294CC800F74567 /* ButtonNode.swift in Sources */ = {isa = PBXBuildFile; fileRef = 6C92348C22294CC800F74567 /* ButtonNode.swift */; };
		6CCF8E0322282A5400296148 /* GameCenterService.swift in Sources */ = {isa = PBXBuildFile; fileRef = 6CCF8E0222282A5400296148 /* GameCenterService.swift */; };
		6CCF8E0522282ABF00296148 /* MultiplayerService.swift in Sources */ = {isa = PBXBuildFile; fileRef = 6CCF8E0422282ABF00296148 /* MultiplayerService.swift */; };
		6CCF8E0722282AF300296148 /* Message.swift in Sources */ = {isa = PBXBuildFile; fileRef = 6CCF8E0622282AF300296148 /* Message.swift */; };
		6CCF8E0922282B1400296148 /* NotificationName.swift in Sources */ = {isa = PBXBuildFile; fileRef = 6CCF8E0822282B1400296148 /* NotificationName.swift */; };
		6CCF8E0B22282B7600296148 /* ReceiveDataDelegate.swift in Sources */ = {isa = PBXBuildFile; fileRef = 6CCF8E0A22282B7600296148 /* ReceiveDataDelegate.swift */; };
		A397A0BD221EDCA400E61051 /* AppDelegate.swift in Sources */ = {isa = PBXBuildFile; fileRef = A397A0BC221EDCA400E61051 /* AppDelegate.swift */; };
		A397A0C5221EDCA400E61051 /* GameViewController.swift in Sources */ = {isa = PBXBuildFile; fileRef = A397A0C4221EDCA400E61051 /* GameViewController.swift */; };
		A397A0C8221EDCA400E61051 /* Main.storyboard in Resources */ = {isa = PBXBuildFile; fileRef = A397A0C6221EDCA400E61051 /* Main.storyboard */; };
		A397A0CA221EDCA700E61051 /* Assets.xcassets in Resources */ = {isa = PBXBuildFile; fileRef = A397A0C9221EDCA700E61051 /* Assets.xcassets */; };
		A397A0CD221EDCA700E61051 /* LaunchScreen.storyboard in Resources */ = {isa = PBXBuildFile; fileRef = A397A0CB221EDCA700E61051 /* LaunchScreen.storyboard */; };
		A397A0DC221EDDF700E61051 /* GesturePad.swift in Sources */ = {isa = PBXBuildFile; fileRef = A397A0DB221EDDF700E61051 /* GesturePad.swift */; };
		A397A0DF221EDE2E00E61051 /* MyScene.sks in Resources */ = {isa = PBXBuildFile; fileRef = A397A0DE221EDE2E00E61051 /* MyScene.sks */; };
		A397A0E1221EDE5100E61051 /* MyScene.swift in Sources */ = {isa = PBXBuildFile; fileRef = A397A0E0221EDE5100E61051 /* MyScene.swift */; };
		A397A0E4221EDF2900E61051 /* Fighter.swift in Sources */ = {isa = PBXBuildFile; fileRef = A397A0E3221EDF2900E61051 /* Fighter.swift */; };
		A397A0E8221EDFE300E61051 /* SpriteComponent.swift in Sources */ = {isa = PBXBuildFile; fileRef = A397A0E7221EDFE300E61051 /* SpriteComponent.swift */; };
		A397A0EA221EE1E400E61051 /* EntityManager.swift in Sources */ = {isa = PBXBuildFile; fileRef = A397A0E9221EE1E400E61051 /* EntityManager.swift */; };
		A397A0F622208ACD00E61051 /* AtlasTextureBuilder.swift in Sources */ = {isa = PBXBuildFile; fileRef = A397A0F522208ACD00E61051 /* AtlasTextureBuilder.swift */; };
		A397A0FB22208C6000E61051 /* FighterIdleState.swift in Sources */ = {isa = PBXBuildFile; fileRef = A397A0FA22208C6000E61051 /* FighterIdleState.swift */; };
		A397A105222091FF00E61051 /* Idle.atlas in Resources */ = {isa = PBXBuildFile; fileRef = A397A100222091FE00E61051 /* Idle.atlas */; };
		A397A106222091FF00E61051 /* Run.atlas in Resources */ = {isa = PBXBuildFile; fileRef = A397A101222091FE00E61051 /* Run.atlas */; };
		A397A107222091FF00E61051 /* Attack.atlas in Resources */ = {isa = PBXBuildFile; fileRef = A397A102222091FE00E61051 /* Attack.atlas */; };
		A397A108222091FF00E61051 /* Fall.atlas in Resources */ = {isa = PBXBuildFile; fileRef = A397A103222091FE00E61051 /* Fall.atlas */; };
		A397A109222091FF00E61051 /* Jump.atlas in Resources */ = {isa = PBXBuildFile; fileRef = A397A104222091FE00E61051 /* Jump.atlas */; };
		A397A10D22209C3700E61051 /* FighterWalkState.swift in Sources */ = {isa = PBXBuildFile; fileRef = A397A10C22209C3700E61051 /* FighterWalkState.swift */; };
		A397A10F2220A02700E61051 /* FighterJumpState.swift in Sources */ = {isa = PBXBuildFile; fileRef = A397A10E2220A02700E61051 /* FighterJumpState.swift */; };
		A397A1132220C29900E61051 /* CategoryMask.swift in Sources */ = {isa = PBXBuildFile; fileRef = A397A1122220C29900E61051 /* CategoryMask.swift */; };
		A397A1152220C5A300E61051 /* FighterAttackState.swift in Sources */ = {isa = PBXBuildFile; fileRef = A397A1142220C5A300E61051 /* FighterAttackState.swift */; };
		A397A11822218EBB00E61051 /* PrepareFightState.swift in Sources */ = {isa = PBXBuildFile; fileRef = A397A11722218EBB00E61051 /* PrepareFightState.swift */; };
		A397A11B2222C3E600E61051 /* PreMatchLabel.swift in Sources */ = {isa = PBXBuildFile; fileRef = A397A11A2222C3E600E61051 /* PreMatchLabel.swift */; };
		A397A11D2222DAB200E61051 /* FightingState.swift in Sources */ = {isa = PBXBuildFile; fileRef = A397A11C2222DAB200E61051 /* FightingState.swift */; };
		A397A1222229595A00E61051 /* GameKit.framework in Frameworks */ = {isa = PBXBuildFile; fileRef = A397A1212229595A00E61051 /* GameKit.framework */; };
		A397A12422295A6100E61051 /* FighterAttack2State.swift in Sources */ = {isa = PBXBuildFile; fileRef = A397A12322295A6100E61051 /* FighterAttack2State.swift */; };
		A397A12622295B5800E61051 /* Attack2.atlas in Resources */ = {isa = PBXBuildFile; fileRef = A397A12522295B5800E61051 /* Attack2.atlas */; };
		A397A12822295C5600E61051 /* FighterAttack3State.swift in Sources */ = {isa = PBXBuildFile; fileRef = A397A12722295C5600E61051 /* FighterAttack3State.swift */; };
		A397A12A22295D6200E61051 /* Attack3.atlas in Resources */ = {isa = PBXBuildFile; fileRef = A397A12922295D6200E61051 /* Attack3.atlas */; };
		A3ACB3312233EA4500AF5088 /* FighterHurt.wav in Resources */ = {isa = PBXBuildFile; fileRef = A3ACB3302233EA4500AF5088 /* FighterHurt.wav */; };
		A3ACB3332233EC0600AF5088 /* FighterJump.wav in Resources */ = {isa = PBXBuildFile; fileRef = A3ACB3322233EC0600AF5088 /* FighterJump.wav */; };
		A3ACB3352233EC1600AF5088 /* FighterAttack.wav in Resources */ = {isa = PBXBuildFile; fileRef = A3ACB3342233EC1600AF5088 /* FighterAttack.wav */; };
		A3ACB3372233ECB900AF5088 /* FighterDeath.wav in Resources */ = {isa = PBXBuildFile; fileRef = A3ACB3362233ECB900AF5088 /* FighterDeath.wav */; };
		A3ACB3392237DD7000AF5088 /* ParallaxBackground.swift in Sources */ = {isa = PBXBuildFile; fileRef = A3ACB3382237DD7000AF5088 /* ParallaxBackground.swift */; };
/* End PBXBuildFile section */

/* Begin PBXFileReference section */
		1B3FA0A5222574B700280565 /* Map1.swift */ = {isa = PBXFileReference; lastKnownFileType = sourcecode.swift; path = Map1.swift; sourceTree = "<group>"; };
		1B3FA0A72225B5D900280565 /* FighterFallState.swift */ = {isa = PBXFileReference; lastKnownFileType = sourcecode.swift; path = FighterFallState.swift; sourceTree = "<group>"; };
		1BBDABAB2236AB4E00DCEDC9 /* FighterKnockbackState.swift */ = {isa = PBXFileReference; lastKnownFileType = sourcecode.swift; path = FighterKnockbackState.swift; sourceTree = "<group>"; };
		1BDFA7ED2227148400622BC6 /* FighterHurtState.swift */ = {isa = PBXFileReference; lastKnownFileType = sourcecode.swift; path = FighterHurtState.swift; sourceTree = "<group>"; };
		1BDFA7EF222719F100622BC6 /* Hurt.atlas */ = {isa = PBXFileReference; lastKnownFileType = folder.skatlas; path = Hurt.atlas; sourceTree = "<group>"; };
		1BDFA7F122272F9200622BC6 /* Die.atlas */ = {isa = PBXFileReference; lastKnownFileType = folder.skatlas; path = Die.atlas; sourceTree = "<group>"; };
		1BDFA7F322272FED00622BC6 /* FighterDieState.swift */ = {isa = PBXFileReference; lastKnownFileType = sourcecode.swift; path = FighterDieState.swift; sourceTree = "<group>"; };
		48441D6422295C040005EC3A /* FighterArena.plist */ = {isa = PBXFileReference; lastKnownFileType = text.plist.xml; path = FighterArena.plist; sourceTree = "<group>"; };
		48441D682229698F0005EC3A /* Arena.swift */ = {isa = PBXFileReference; lastKnownFileType = sourcecode.swift; path = Arena.swift; sourceTree = "<group>"; };
		48441D6B22296A9C0005EC3A /* Platform.swift */ = {isa = PBXFileReference; lastKnownFileType = sourcecode.swift; path = Platform.swift; sourceTree = "<group>"; };
		4857C9E02234300300EFA2E9 /* PListManager.swift */ = {isa = PBXFileReference; lastKnownFileType = sourcecode.swift; path = PListManager.swift; sourceTree = "<group>"; };
		6C2F3F792237DE420087A768 /* VirtualButtonNode.swift */ = {isa = PBXFileReference; fileEncoding = 4; lastKnownFileType = sourcecode.swift; path = VirtualButtonNode.swift; sourceTree = "<group>"; };
		6C2F3F7B2237DE520087A768 /* JoystickComponent.swift */ = {isa = PBXFileReference; fileEncoding = 4; lastKnownFileType = sourcecode.swift; path = JoystickComponent.swift; sourceTree = "<group>"; };
		6C2F3F7D2237DE580087A768 /* JoystickNode.swift */ = {isa = PBXFileReference; fileEncoding = 4; lastKnownFileType = sourcecode.swift; path = JoystickNode.swift; sourceTree = "<group>"; };
		6C2F3F7F2237DE9D0087A768 /* InputController.swift */ = {isa = PBXFileReference; fileEncoding = 4; lastKnownFileType = sourcecode.swift; path = InputController.swift; sourceTree = "<group>"; };
		6C2F3F812237DEA50087A768 /* JoystickDelegate.swift */ = {isa = PBXFileReference; fileEncoding = 4; lastKnownFileType = sourcecode.swift; path = JoystickDelegate.swift; sourceTree = "<group>"; };
		6C92348722294BA800F74567 /* MenuScene.swift */ = {isa = PBXFileReference; lastKnownFileType = sourcecode.swift; path = MenuScene.swift; sourceTree = "<group>"; };
		6C92348922294BDA00F74567 /* MenuScene.sks */ = {isa = PBXFileReference; lastKnownFileType = file.sks; path = MenuScene.sks; sourceTree = "<group>"; };
		6C92348C22294CC800F74567 /* ButtonNode.swift */ = {isa = PBXFileReference; lastKnownFileType = sourcecode.swift; path = ButtonNode.swift; sourceTree = "<group>"; };
		6CCF8E0222282A5400296148 /* GameCenterService.swift */ = {isa = PBXFileReference; lastKnownFileType = sourcecode.swift; path = GameCenterService.swift; sourceTree = "<group>"; };
		6CCF8E0422282ABF00296148 /* MultiplayerService.swift */ = {isa = PBXFileReference; lastKnownFileType = sourcecode.swift; path = MultiplayerService.swift; sourceTree = "<group>"; };
		6CCF8E0622282AF300296148 /* Message.swift */ = {isa = PBXFileReference; lastKnownFileType = sourcecode.swift; path = Message.swift; sourceTree = "<group>"; };
		6CCF8E0822282B1400296148 /* NotificationName.swift */ = {isa = PBXFileReference; lastKnownFileType = sourcecode.swift; path = NotificationName.swift; sourceTree = "<group>"; };
		6CCF8E0A22282B7600296148 /* ReceiveDataDelegate.swift */ = {isa = PBXFileReference; lastKnownFileType = sourcecode.swift; path = ReceiveDataDelegate.swift; sourceTree = "<group>"; };
		A397A0B9221EDCA400E61051 /* spritekit-plataform.app */ = {isa = PBXFileReference; explicitFileType = wrapper.application; includeInIndex = 0; path = "spritekit-plataform.app"; sourceTree = BUILT_PRODUCTS_DIR; };
		A397A0BC221EDCA400E61051 /* AppDelegate.swift */ = {isa = PBXFileReference; lastKnownFileType = sourcecode.swift; path = AppDelegate.swift; sourceTree = "<group>"; };
		A397A0C4221EDCA400E61051 /* GameViewController.swift */ = {isa = PBXFileReference; lastKnownFileType = sourcecode.swift; path = GameViewController.swift; sourceTree = "<group>"; };
		A397A0C7221EDCA400E61051 /* Base */ = {isa = PBXFileReference; lastKnownFileType = file.storyboard; name = Base; path = Base.lproj/Main.storyboard; sourceTree = "<group>"; };
		A397A0C9221EDCA700E61051 /* Assets.xcassets */ = {isa = PBXFileReference; lastKnownFileType = folder.assetcatalog; path = Assets.xcassets; sourceTree = "<group>"; };
		A397A0CC221EDCA700E61051 /* Base */ = {isa = PBXFileReference; lastKnownFileType = file.storyboard; name = Base; path = Base.lproj/LaunchScreen.storyboard; sourceTree = "<group>"; };
		A397A0CE221EDCA700E61051 /* Info.plist */ = {isa = PBXFileReference; lastKnownFileType = text.plist.xml; path = Info.plist; sourceTree = "<group>"; };
		A397A0DB221EDDF700E61051 /* GesturePad.swift */ = {isa = PBXFileReference; fileEncoding = 4; lastKnownFileType = sourcecode.swift; path = GesturePad.swift; sourceTree = "<group>"; };
		A397A0DE221EDE2E00E61051 /* MyScene.sks */ = {isa = PBXFileReference; lastKnownFileType = file.sks; path = MyScene.sks; sourceTree = "<group>"; };
		A397A0E0221EDE5100E61051 /* MyScene.swift */ = {isa = PBXFileReference; lastKnownFileType = sourcecode.swift; path = MyScene.swift; sourceTree = "<group>"; };
		A397A0E3221EDF2900E61051 /* Fighter.swift */ = {isa = PBXFileReference; lastKnownFileType = sourcecode.swift; path = Fighter.swift; sourceTree = "<group>"; };
		A397A0E7221EDFE300E61051 /* SpriteComponent.swift */ = {isa = PBXFileReference; lastKnownFileType = sourcecode.swift; path = SpriteComponent.swift; sourceTree = "<group>"; };
		A397A0E9221EE1E400E61051 /* EntityManager.swift */ = {isa = PBXFileReference; lastKnownFileType = sourcecode.swift; path = EntityManager.swift; sourceTree = "<group>"; };
		A397A0F522208ACD00E61051 /* AtlasTextureBuilder.swift */ = {isa = PBXFileReference; fileEncoding = 4; lastKnownFileType = sourcecode.swift; path = AtlasTextureBuilder.swift; sourceTree = "<group>"; };
		A397A0FA22208C6000E61051 /* FighterIdleState.swift */ = {isa = PBXFileReference; lastKnownFileType = sourcecode.swift; path = FighterIdleState.swift; sourceTree = "<group>"; };
		A397A100222091FE00E61051 /* Idle.atlas */ = {isa = PBXFileReference; lastKnownFileType = folder.skatlas; path = Idle.atlas; sourceTree = "<group>"; };
		A397A101222091FE00E61051 /* Run.atlas */ = {isa = PBXFileReference; lastKnownFileType = folder.skatlas; path = Run.atlas; sourceTree = "<group>"; };
		A397A102222091FE00E61051 /* Attack.atlas */ = {isa = PBXFileReference; lastKnownFileType = folder.skatlas; path = Attack.atlas; sourceTree = "<group>"; };
		A397A103222091FE00E61051 /* Fall.atlas */ = {isa = PBXFileReference; lastKnownFileType = folder.skatlas; path = Fall.atlas; sourceTree = "<group>"; };
		A397A104222091FE00E61051 /* Jump.atlas */ = {isa = PBXFileReference; lastKnownFileType = folder.skatlas; path = Jump.atlas; sourceTree = "<group>"; };
		A397A10C22209C3700E61051 /* FighterWalkState.swift */ = {isa = PBXFileReference; lastKnownFileType = sourcecode.swift; path = FighterWalkState.swift; sourceTree = "<group>"; };
		A397A10E2220A02700E61051 /* FighterJumpState.swift */ = {isa = PBXFileReference; lastKnownFileType = sourcecode.swift; path = FighterJumpState.swift; sourceTree = "<group>"; };
		A397A1122220C29900E61051 /* CategoryMask.swift */ = {isa = PBXFileReference; fileEncoding = 4; lastKnownFileType = sourcecode.swift; path = CategoryMask.swift; sourceTree = "<group>"; };
		A397A1142220C5A300E61051 /* FighterAttackState.swift */ = {isa = PBXFileReference; lastKnownFileType = sourcecode.swift; path = FighterAttackState.swift; sourceTree = "<group>"; };
		A397A11722218EBB00E61051 /* PrepareFightState.swift */ = {isa = PBXFileReference; lastKnownFileType = sourcecode.swift; path = PrepareFightState.swift; sourceTree = "<group>"; };
		A397A11A2222C3E600E61051 /* PreMatchLabel.swift */ = {isa = PBXFileReference; lastKnownFileType = sourcecode.swift; path = PreMatchLabel.swift; sourceTree = "<group>"; };
		A397A11C2222DAB200E61051 /* FightingState.swift */ = {isa = PBXFileReference; lastKnownFileType = sourcecode.swift; path = FightingState.swift; sourceTree = "<group>"; };
		A397A1212229595A00E61051 /* GameKit.framework */ = {isa = PBXFileReference; lastKnownFileType = wrapper.framework; name = GameKit.framework; path = System/Library/Frameworks/GameKit.framework; sourceTree = SDKROOT; };
		A397A12322295A6100E61051 /* FighterAttack2State.swift */ = {isa = PBXFileReference; lastKnownFileType = sourcecode.swift; path = FighterAttack2State.swift; sourceTree = "<group>"; };
		A397A12522295B5800E61051 /* Attack2.atlas */ = {isa = PBXFileReference; lastKnownFileType = folder.skatlas; path = Attack2.atlas; sourceTree = "<group>"; };
		A397A12722295C5600E61051 /* FighterAttack3State.swift */ = {isa = PBXFileReference; lastKnownFileType = sourcecode.swift; path = FighterAttack3State.swift; sourceTree = "<group>"; };
		A397A12922295D6200E61051 /* Attack3.atlas */ = {isa = PBXFileReference; lastKnownFileType = folder.skatlas; path = Attack3.atlas; sourceTree = "<group>"; };
		A3ACB3302233EA4500AF5088 /* FighterHurt.wav */ = {isa = PBXFileReference; lastKnownFileType = audio.wav; path = FighterHurt.wav; sourceTree = "<group>"; };
		A3ACB3322233EC0600AF5088 /* FighterJump.wav */ = {isa = PBXFileReference; lastKnownFileType = audio.wav; path = FighterJump.wav; sourceTree = "<group>"; };
		A3ACB3342233EC1600AF5088 /* FighterAttack.wav */ = {isa = PBXFileReference; lastKnownFileType = audio.wav; path = FighterAttack.wav; sourceTree = "<group>"; };
		A3ACB3362233ECB900AF5088 /* FighterDeath.wav */ = {isa = PBXFileReference; lastKnownFileType = audio.wav; path = FighterDeath.wav; sourceTree = "<group>"; };
		A3ACB3382237DD7000AF5088 /* ParallaxBackground.swift */ = {isa = PBXFileReference; lastKnownFileType = sourcecode.swift; path = ParallaxBackground.swift; sourceTree = "<group>"; };
/* End PBXFileReference section */

/* Begin PBXFrameworksBuildPhase section */
		A397A0B6221EDCA400E61051 /* Frameworks */ = {
			isa = PBXFrameworksBuildPhase;
			buildActionMask = 2147483647;
			files = (
				A397A1222229595A00E61051 /* GameKit.framework in Frameworks */,
			);
			runOnlyForDeploymentPostprocessing = 0;
		};
/* End PBXFrameworksBuildPhase section */

/* Begin PBXGroup section */
		1B3FA0A42225741C00280565 /* Maps */ = {
			isa = PBXGroup;
			children = (
				1B3FA0A5222574B700280565 /* Map1.swift */,
			);
			path = Maps;
			sourceTree = "<group>";
		};
		48441D662229675B0005EC3A /* fighter */ = {
			isa = PBXGroup;
			children = (
			);
			path = fighter;
			sourceTree = "<group>";
		};
		48441D6A22296A230005EC3A /* arena */ = {
			isa = PBXGroup;
			children = (
				48441D682229698F0005EC3A /* Arena.swift */,
				48441D6B22296A9C0005EC3A /* Platform.swift */,
			);
			path = arena;
			sourceTree = "<group>";
		};
		6C2F3F782237DE190087A768 /* joystick */ = {
			isa = PBXGroup;
			children = (
				6C2F3F792237DE420087A768 /* VirtualButtonNode.swift */,
				6C2F3F7B2237DE520087A768 /* JoystickComponent.swift */,
				6C2F3F7D2237DE580087A768 /* JoystickNode.swift */,
				6C2F3F7F2237DE9D0087A768 /* InputController.swift */,
				6C2F3F812237DEA50087A768 /* JoystickDelegate.swift */,
			);
			path = joystick;
			sourceTree = "<group>";
		};
		6C92348B22294CB400F74567 /* nodes */ = {
			isa = PBXGroup;
			children = (
				6C92348C22294CC800F74567 /* ButtonNode.swift */,
			);
			path = nodes;
			sourceTree = "<group>";
		};
		6CCF8E0022282A1800296148 /* services */ = {
			isa = PBXGroup;
			children = (
				6CCF8E0222282A5400296148 /* GameCenterService.swift */,
				6CCF8E0422282ABF00296148 /* MultiplayerService.swift */,
				6CCF8E0622282AF300296148 /* Message.swift */,
				6CCF8E0822282B1400296148 /* NotificationName.swift */,
				6CCF8E0A22282B7600296148 /* ReceiveDataDelegate.swift */,
			);
			path = services;
			sourceTree = "<group>";
		};
		A397A0B0221EDCA400E61051 = {
			isa = PBXGroup;
			children = (
				A397A0BB221EDCA400E61051 /* spritekit-plataform */,
				A397A0BA221EDCA400E61051 /* Products */,
				A397A1202229595A00E61051 /* Frameworks */,
			);
			sourceTree = "<group>";
		};
		A397A0BA221EDCA400E61051 /* Products */ = {
			isa = PBXGroup;
			children = (
				A397A0B9221EDCA400E61051 /* spritekit-plataform.app */,
			);
			name = Products;
			sourceTree = "<group>";
		};
		A397A0BB221EDCA400E61051 /* spritekit-plataform */ = {
			isa = PBXGroup;
			children = (
				A397A0D5221EDD3200E61051 /* application */,
				A397A0DA221EDDC800E61051 /* utils */,
				A397A0D9221EDDA900E61051 /* controllers */,
				A397A0F822208B7200E61051 /* views */,
				A397A0D8221EDD6600E61051 /* assets */,
				A397A0F722208B4300E61051 /* models */,
				6CCF8E0022282A1800296148 /* services */,
				A397A0CE221EDCA700E61051 /* Info.plist */,
			);
			path = "spritekit-plataform";
			sourceTree = "<group>";
		};
		A397A0D4221EDD2100E61051 /* entities */ = {
			isa = PBXGroup;
			children = (
				A397A0EB221EEE1E00E61051 /* Fighter */,
				A397A0E9221EE1E400E61051 /* EntityManager.swift */,
			);
			path = entities;
			sourceTree = "<group>";
		};
		A397A0D5221EDD3200E61051 /* application */ = {
			isa = PBXGroup;
			children = (
				A397A0BC221EDCA400E61051 /* AppDelegate.swift */,
			);
			path = application;
			sourceTree = "<group>";
		};
		A397A0D6221EDD4B00E61051 /* storyboards */ = {
			isa = PBXGroup;
			children = (
				A397A0C6221EDCA400E61051 /* Main.storyboard */,
				A397A0CB221EDCA700E61051 /* LaunchScreen.storyboard */,
			);
			path = storyboards;
			sourceTree = "<group>";
		};
		A397A0D7221EDD5E00E61051 /* scenes */ = {
			isa = PBXGroup;
			children = (
				48441D662229675B0005EC3A /* fighter */,
				A397A11622218E6300E61051 /* states */,
				A397A0DE221EDE2E00E61051 /* MyScene.sks */,
				A397A0E0221EDE5100E61051 /* MyScene.swift */,
				6C92348722294BA800F74567 /* MenuScene.swift */,
				6C92348922294BDA00F74567 /* MenuScene.sks */,
				48441D6422295C040005EC3A /* FighterArena.plist */,
			);
			path = scenes;
			sourceTree = "<group>";
		};
		A397A0D8221EDD6600E61051 /* assets */ = {
			isa = PBXGroup;
			children = (
				A3ACB32F2233EA3400AF5088 /* SFX */,
				A397A0FE222091E700E61051 /* Atlas */,
				A397A0C9221EDCA700E61051 /* Assets.xcassets */,
			);
			path = assets;
			sourceTree = "<group>";
		};
		A397A0D9221EDDA900E61051 /* controllers */ = {
			isa = PBXGroup;
			children = (
				A397A0C4221EDCA400E61051 /* GameViewController.swift */,
			);
			path = controllers;
			sourceTree = "<group>";
		};
		A397A0DA221EDDC800E61051 /* utils */ = {
			isa = PBXGroup;
			children = (
				A397A0F422208AAB00E61051 /* AtlasTextureBuilder */,
				A397A0DD221EDDFC00E61051 /* GesturePad */,
				4857C9E02234300300EFA2E9 /* PListManager.swift */,
			);
			path = utils;
			sourceTree = "<group>";
		};
		A397A0DD221EDDFC00E61051 /* GesturePad */ = {
			isa = PBXGroup;
			children = (
				A397A0DB221EDDF700E61051 /* GesturePad.swift */,
			);
			path = GesturePad;
			sourceTree = "<group>";
		};
		A397A0E6221EDFC800E61051 /* components */ = {
			isa = PBXGroup;
			children = (
				6C2F3F782237DE190087A768 /* joystick */,
				A397A0E7221EDFE300E61051 /* SpriteComponent.swift */,
			);
			path = components;
			sourceTree = "<group>";
		};
		A397A0EB221EEE1E00E61051 /* Fighter */ = {
			isa = PBXGroup;
			children = (
				A397A0F922208BDC00E61051 /* states */,
				A397A0E3221EDF2900E61051 /* Fighter.swift */,
			);
			path = Fighter;
			sourceTree = "<group>";
		};
		A397A0F422208AAB00E61051 /* AtlasTextureBuilder */ = {
			isa = PBXGroup;
			children = (
				A397A0F522208ACD00E61051 /* AtlasTextureBuilder.swift */,
			);
			path = AtlasTextureBuilder;
			sourceTree = "<group>";
		};
		A397A0F722208B4300E61051 /* models */ = {
			isa = PBXGroup;
			children = (
				48441D6A22296A230005EC3A /* arena */,
				A397A1122220C29900E61051 /* CategoryMask.swift */,
				A397A0D4221EDD2100E61051 /* entities */,
				A397A0E6221EDFC800E61051 /* components */,
				6C92348B22294CB400F74567 /* nodes */,
				1B3FA0A42225741C00280565 /* Maps */,
			);
			path = models;
			sourceTree = "<group>";
		};
		A397A0F822208B7200E61051 /* views */ = {
			isa = PBXGroup;
			children = (
				A397A1192222C3A900E61051 /* ui-elements */,
				A397A0D6221EDD4B00E61051 /* storyboards */,
				A397A0D7221EDD5E00E61051 /* scenes */,
			);
			path = views;
			sourceTree = "<group>";
		};
		A397A0F922208BDC00E61051 /* states */ = {
			isa = PBXGroup;
			children = (
				A397A0FA22208C6000E61051 /* FighterIdleState.swift */,
				A397A10C22209C3700E61051 /* FighterWalkState.swift */,
				A397A10E2220A02700E61051 /* FighterJumpState.swift */,
				1B3FA0A72225B5D900280565 /* FighterFallState.swift */,
				1BDFA7ED2227148400622BC6 /* FighterHurtState.swift */,
				1BDFA7F322272FED00622BC6 /* FighterDieState.swift */,
				A397A1142220C5A300E61051 /* FighterAttackState.swift */,
				A397A12322295A6100E61051 /* FighterAttack2State.swift */,
				A397A12722295C5600E61051 /* FighterAttack3State.swift */,
				1BBDABAB2236AB4E00DCEDC9 /* FighterKnockbackState.swift */,
			);
			path = states;
			sourceTree = "<group>";
		};
		A397A0FE222091E700E61051 /* Atlas */ = {
			isa = PBXGroup;
			children = (
				A397A0FF222091EF00E61051 /* Fighter */,
			);
			path = Atlas;
			sourceTree = "<group>";
		};
		A397A0FF222091EF00E61051 /* Fighter */ = {
			isa = PBXGroup;
			children = (
				A397A12922295D6200E61051 /* Attack3.atlas */,
				A397A12522295B5800E61051 /* Attack2.atlas */,
				1BDFA7F122272F9200622BC6 /* Die.atlas */,
				1BDFA7EF222719F100622BC6 /* Hurt.atlas */,
				A397A102222091FE00E61051 /* Attack.atlas */,
				A397A103222091FE00E61051 /* Fall.atlas */,
				A397A100222091FE00E61051 /* Idle.atlas */,
				A397A104222091FE00E61051 /* Jump.atlas */,
				A397A101222091FE00E61051 /* Run.atlas */,
			);
			path = Fighter;
			sourceTree = "<group>";
		};
		A397A11622218E6300E61051 /* states */ = {
			isa = PBXGroup;
			children = (
				A397A11722218EBB00E61051 /* PrepareFightState.swift */,
				A397A11C2222DAB200E61051 /* FightingState.swift */,
			);
			path = states;
			sourceTree = "<group>";
		};
		A397A1192222C3A900E61051 /* ui-elements */ = {
			isa = PBXGroup;
			children = (
				A397A11A2222C3E600E61051 /* PreMatchLabel.swift */,
				A3ACB3382237DD7000AF5088 /* ParallaxBackground.swift */,
			);
			path = "ui-elements";
			sourceTree = "<group>";
		};
		A397A1202229595A00E61051 /* Frameworks */ = {
			isa = PBXGroup;
			children = (
				A397A1212229595A00E61051 /* GameKit.framework */,
			);
			name = Frameworks;
			sourceTree = "<group>";
		};
		A3ACB32F2233EA3400AF5088 /* SFX */ = {
			isa = PBXGroup;
			children = (
				A3ACB3302233EA4500AF5088 /* FighterHurt.wav */,
				A3ACB3322233EC0600AF5088 /* FighterJump.wav */,
				A3ACB3342233EC1600AF5088 /* FighterAttack.wav */,
				A3ACB3362233ECB900AF5088 /* FighterDeath.wav */,
			);
			path = SFX;
			sourceTree = "<group>";
		};
/* End PBXGroup section */

/* Begin PBXNativeTarget section */
		A397A0B8221EDCA400E61051 /* spritekit-plataform */ = {
			isa = PBXNativeTarget;
			buildConfigurationList = A397A0D1221EDCA700E61051 /* Build configuration list for PBXNativeTarget "spritekit-plataform" */;
			buildPhases = (
				A397A0B5221EDCA400E61051 /* Sources */,
				A397A0B6221EDCA400E61051 /* Frameworks */,
				A397A0B7221EDCA400E61051 /* Resources */,
			);
			buildRules = (
			);
			dependencies = (
			);
			name = "spritekit-plataform";
			productName = "spritekit-plataform";
			productReference = A397A0B9221EDCA400E61051 /* spritekit-plataform.app */;
			productType = "com.apple.product-type.application";
		};
/* End PBXNativeTarget section */

/* Begin PBXProject section */
		A397A0B1221EDCA400E61051 /* Project object */ = {
			isa = PBXProject;
			attributes = {
				LastSwiftUpdateCheck = 1010;
				LastUpgradeCheck = 1010;
				ORGANIZATIONNAME = "Bruno Rocha";
				TargetAttributes = {
					A397A0B8221EDCA400E61051 = {
						CreatedOnToolsVersion = 10.1;
						SystemCapabilities = {
							com.apple.GameCenter.iOS = {
								enabled = 1;
							};
						};
					};
				};
			};
			buildConfigurationList = A397A0B4221EDCA400E61051 /* Build configuration list for PBXProject "spritekit-plataform" */;
			compatibilityVersion = "Xcode 9.3";
			developmentRegion = en;
			hasScannedForEncodings = 0;
			knownRegions = (
				en,
				Base,
			);
			mainGroup = A397A0B0221EDCA400E61051;
			productRefGroup = A397A0BA221EDCA400E61051 /* Products */;
			projectDirPath = "";
			projectRoot = "";
			targets = (
				A397A0B8221EDCA400E61051 /* spritekit-plataform */,
			);
		};
/* End PBXProject section */

/* Begin PBXResourcesBuildPhase section */
		A397A0B7221EDCA400E61051 /* Resources */ = {
			isa = PBXResourcesBuildPhase;
			buildActionMask = 2147483647;
			files = (
				48441D6522295C040005EC3A /* FighterArena.plist in Resources */,
				A397A0C8221EDCA400E61051 /* Main.storyboard in Resources */,
				A397A106222091FF00E61051 /* Run.atlas in Resources */,
				A397A109222091FF00E61051 /* Jump.atlas in Resources */,
				A3ACB3352233EC1600AF5088 /* FighterAttack.wav in Resources */,
				A397A0CA221EDCA700E61051 /* Assets.xcassets in Resources */,
				A3ACB3332233EC0600AF5088 /* FighterJump.wav in Resources */,
				A397A105222091FF00E61051 /* Idle.atlas in Resources */,
				A397A12A22295D6200E61051 /* Attack3.atlas in Resources */,
				A397A0DF221EDE2E00E61051 /* MyScene.sks in Resources */,
				A3ACB3312233EA4500AF5088 /* FighterHurt.wav in Resources */,
				A397A0CD221EDCA700E61051 /* LaunchScreen.storyboard in Resources */,
				6C92348A22294BDA00F74567 /* MenuScene.sks in Resources */,
				A397A107222091FF00E61051 /* Attack.atlas in Resources */,
				1BDFA7F0222719F100622BC6 /* Hurt.atlas in Resources */,
				1BDFA7F222272F9200622BC6 /* Die.atlas in Resources */,
				A397A12622295B5800E61051 /* Attack2.atlas in Resources */,
				A3ACB3372233ECB900AF5088 /* FighterDeath.wav in Resources */,
				A397A108222091FF00E61051 /* Fall.atlas in Resources */,
			);
			runOnlyForDeploymentPostprocessing = 0;
		};
/* End PBXResourcesBuildPhase section */

/* Begin PBXSourcesBuildPhase section */
		A397A0B5221EDCA400E61051 /* Sources */ = {
			isa = PBXSourcesBuildPhase;
			buildActionMask = 2147483647;
			files = (
				1BDFA7F422272FED00622BC6 /* FighterDieState.swift in Sources */,
				1BBDABAC2236AB4E00DCEDC9 /* FighterKnockbackState.swift in Sources */,
				A397A10D22209C3700E61051 /* FighterWalkState.swift in Sources */,
				48441D692229698F0005EC3A /* Arena.swift in Sources */,
				A397A0E1221EDE5100E61051 /* MyScene.swift in Sources */,
				A397A12422295A6100E61051 /* FighterAttack2State.swift in Sources */,
				A397A0EA221EE1E400E61051 /* EntityManager.swift in Sources */,
				A397A11B2222C3E600E61051 /* PreMatchLabel.swift in Sources */,
				48441D6C22296A9C0005EC3A /* Platform.swift in Sources */,
				A397A0E4221EDF2900E61051 /* Fighter.swift in Sources */,
				A397A11822218EBB00E61051 /* PrepareFightState.swift in Sources */,
				A397A1152220C5A300E61051 /* FighterAttackState.swift in Sources */,
				6C2F3F802237DE9D0087A768 /* InputController.swift in Sources */,
				A397A12822295C5600E61051 /* FighterAttack3State.swift in Sources */,
				4857C9E12234300300EFA2E9 /* PListManager.swift in Sources */,
				A397A0C5221EDCA400E61051 /* GameViewController.swift in Sources */,
				6CCF8E0522282ABF00296148 /* MultiplayerService.swift in Sources */,
				A397A0BD221EDCA400E61051 /* AppDelegate.swift in Sources */,
				A3ACB3392237DD7000AF5088 /* ParallaxBackground.swift in Sources */,
				A397A0E8221EDFE300E61051 /* SpriteComponent.swift in Sources */,
				6C2F3F7E2237DE580087A768 /* JoystickNode.swift in Sources */,
				6CCF8E0B22282B7600296148 /* ReceiveDataDelegate.swift in Sources */,
				A397A0F622208ACD00E61051 /* AtlasTextureBuilder.swift in Sources */,
				6C2F3F822237DEA50087A768 /* JoystickDelegate.swift in Sources */,
				1BDFA7EE2227148400622BC6 /* FighterHurtState.swift in Sources */,
				6C2F3F7A2237DE420087A768 /* VirtualButtonNode.swift in Sources */,
				A397A10F2220A02700E61051 /* FighterJumpState.swift in Sources */,
				1B3FA0A82225B5D900280565 /* FighterFallState.swift in Sources */,
				6C2F3F7C2237DE520087A768 /* JoystickComponent.swift in Sources */,
				6C92348D22294CC800F74567 /* ButtonNode.swift in Sources */,
				A397A0DC221EDDF700E61051 /* GesturePad.swift in Sources */,
				A397A0FB22208C6000E61051 /* FighterIdleState.swift in Sources */,
				6C92348822294BA800F74567 /* MenuScene.swift in Sources */,
				6CCF8E0322282A5400296148 /* GameCenterService.swift in Sources */,
				1B3FA0A6222574B700280565 /* Map1.swift in Sources */,
				6CCF8E0722282AF300296148 /* Message.swift in Sources */,
				A397A1132220C29900E61051 /* CategoryMask.swift in Sources */,
				6CCF8E0922282B1400296148 /* NotificationName.swift in Sources */,
				A397A11D2222DAB200E61051 /* FightingState.swift in Sources */,
			);
			runOnlyForDeploymentPostprocessing = 0;
		};
/* End PBXSourcesBuildPhase section */

/* Begin PBXVariantGroup section */
		A397A0C6221EDCA400E61051 /* Main.storyboard */ = {
			isa = PBXVariantGroup;
			children = (
				A397A0C7221EDCA400E61051 /* Base */,
			);
			name = Main.storyboard;
			sourceTree = "<group>";
		};
		A397A0CB221EDCA700E61051 /* LaunchScreen.storyboard */ = {
			isa = PBXVariantGroup;
			children = (
				A397A0CC221EDCA700E61051 /* Base */,
			);
			name = LaunchScreen.storyboard;
			sourceTree = "<group>";
		};
/* End PBXVariantGroup section */

/* Begin XCBuildConfiguration section */
		A397A0CF221EDCA700E61051 /* Debug */ = {
			isa = XCBuildConfiguration;
			buildSettings = {
				ALWAYS_SEARCH_USER_PATHS = NO;
				CLANG_ANALYZER_NONNULL = YES;
				CLANG_ANALYZER_NUMBER_OBJECT_CONVERSION = YES_AGGRESSIVE;
				CLANG_CXX_LANGUAGE_STANDARD = "gnu++14";
				CLANG_CXX_LIBRARY = "libc++";
				CLANG_ENABLE_MODULES = YES;
				CLANG_ENABLE_OBJC_ARC = YES;
				CLANG_ENABLE_OBJC_WEAK = YES;
				CLANG_WARN_BLOCK_CAPTURE_AUTORELEASING = YES;
				CLANG_WARN_BOOL_CONVERSION = YES;
				CLANG_WARN_COMMA = YES;
				CLANG_WARN_CONSTANT_CONVERSION = YES;
				CLANG_WARN_DEPRECATED_OBJC_IMPLEMENTATIONS = YES;
				CLANG_WARN_DIRECT_OBJC_ISA_USAGE = YES_ERROR;
				CLANG_WARN_DOCUMENTATION_COMMENTS = YES;
				CLANG_WARN_EMPTY_BODY = YES;
				CLANG_WARN_ENUM_CONVERSION = YES;
				CLANG_WARN_INFINITE_RECURSION = YES;
				CLANG_WARN_INT_CONVERSION = YES;
				CLANG_WARN_NON_LITERAL_NULL_CONVERSION = YES;
				CLANG_WARN_OBJC_IMPLICIT_RETAIN_SELF = YES;
				CLANG_WARN_OBJC_LITERAL_CONVERSION = YES;
				CLANG_WARN_OBJC_ROOT_CLASS = YES_ERROR;
				CLANG_WARN_RANGE_LOOP_ANALYSIS = YES;
				CLANG_WARN_STRICT_PROTOTYPES = YES;
				CLANG_WARN_SUSPICIOUS_MOVE = YES;
				CLANG_WARN_UNGUARDED_AVAILABILITY = YES_AGGRESSIVE;
				CLANG_WARN_UNREACHABLE_CODE = YES;
				CLANG_WARN__DUPLICATE_METHOD_MATCH = YES;
				CODE_SIGN_IDENTITY = "iPhone Developer";
				COPY_PHASE_STRIP = NO;
				DEBUG_INFORMATION_FORMAT = dwarf;
				ENABLE_STRICT_OBJC_MSGSEND = YES;
				ENABLE_TESTABILITY = YES;
				GCC_C_LANGUAGE_STANDARD = gnu11;
				GCC_DYNAMIC_NO_PIC = NO;
				GCC_NO_COMMON_BLOCKS = YES;
				GCC_OPTIMIZATION_LEVEL = 0;
				GCC_PREPROCESSOR_DEFINITIONS = (
					"DEBUG=1",
					"$(inherited)",
				);
				GCC_WARN_64_TO_32_BIT_CONVERSION = YES;
				GCC_WARN_ABOUT_RETURN_TYPE = YES_ERROR;
				GCC_WARN_UNDECLARED_SELECTOR = YES;
				GCC_WARN_UNINITIALIZED_AUTOS = YES_AGGRESSIVE;
				GCC_WARN_UNUSED_FUNCTION = YES;
				GCC_WARN_UNUSED_VARIABLE = YES;
				IPHONEOS_DEPLOYMENT_TARGET = 12.1;
				MTL_ENABLE_DEBUG_INFO = INCLUDE_SOURCE;
				MTL_FAST_MATH = YES;
				ONLY_ACTIVE_ARCH = YES;
				SDKROOT = iphoneos;
				SWIFT_ACTIVE_COMPILATION_CONDITIONS = DEBUG;
				SWIFT_OPTIMIZATION_LEVEL = "-Onone";
			};
			name = Debug;
		};
		A397A0D0221EDCA700E61051 /* Release */ = {
			isa = XCBuildConfiguration;
			buildSettings = {
				ALWAYS_SEARCH_USER_PATHS = NO;
				CLANG_ANALYZER_NONNULL = YES;
				CLANG_ANALYZER_NUMBER_OBJECT_CONVERSION = YES_AGGRESSIVE;
				CLANG_CXX_LANGUAGE_STANDARD = "gnu++14";
				CLANG_CXX_LIBRARY = "libc++";
				CLANG_ENABLE_MODULES = YES;
				CLANG_ENABLE_OBJC_ARC = YES;
				CLANG_ENABLE_OBJC_WEAK = YES;
				CLANG_WARN_BLOCK_CAPTURE_AUTORELEASING = YES;
				CLANG_WARN_BOOL_CONVERSION = YES;
				CLANG_WARN_COMMA = YES;
				CLANG_WARN_CONSTANT_CONVERSION = YES;
				CLANG_WARN_DEPRECATED_OBJC_IMPLEMENTATIONS = YES;
				CLANG_WARN_DIRECT_OBJC_ISA_USAGE = YES_ERROR;
				CLANG_WARN_DOCUMENTATION_COMMENTS = YES;
				CLANG_WARN_EMPTY_BODY = YES;
				CLANG_WARN_ENUM_CONVERSION = YES;
				CLANG_WARN_INFINITE_RECURSION = YES;
				CLANG_WARN_INT_CONVERSION = YES;
				CLANG_WARN_NON_LITERAL_NULL_CONVERSION = YES;
				CLANG_WARN_OBJC_IMPLICIT_RETAIN_SELF = YES;
				CLANG_WARN_OBJC_LITERAL_CONVERSION = YES;
				CLANG_WARN_OBJC_ROOT_CLASS = YES_ERROR;
				CLANG_WARN_RANGE_LOOP_ANALYSIS = YES;
				CLANG_WARN_STRICT_PROTOTYPES = YES;
				CLANG_WARN_SUSPICIOUS_MOVE = YES;
				CLANG_WARN_UNGUARDED_AVAILABILITY = YES_AGGRESSIVE;
				CLANG_WARN_UNREACHABLE_CODE = YES;
				CLANG_WARN__DUPLICATE_METHOD_MATCH = YES;
				CODE_SIGN_IDENTITY = "iPhone Developer";
				COPY_PHASE_STRIP = NO;
				DEBUG_INFORMATION_FORMAT = "dwarf-with-dsym";
				ENABLE_NS_ASSERTIONS = NO;
				ENABLE_STRICT_OBJC_MSGSEND = YES;
				GCC_C_LANGUAGE_STANDARD = gnu11;
				GCC_NO_COMMON_BLOCKS = YES;
				GCC_WARN_64_TO_32_BIT_CONVERSION = YES;
				GCC_WARN_ABOUT_RETURN_TYPE = YES_ERROR;
				GCC_WARN_UNDECLARED_SELECTOR = YES;
				GCC_WARN_UNINITIALIZED_AUTOS = YES_AGGRESSIVE;
				GCC_WARN_UNUSED_FUNCTION = YES;
				GCC_WARN_UNUSED_VARIABLE = YES;
				IPHONEOS_DEPLOYMENT_TARGET = 12.1;
				MTL_ENABLE_DEBUG_INFO = NO;
				MTL_FAST_MATH = YES;
				SDKROOT = iphoneos;
				SWIFT_COMPILATION_MODE = wholemodule;
				SWIFT_OPTIMIZATION_LEVEL = "-O";
				VALIDATE_PRODUCT = YES;
			};
			name = Release;
		};
		A397A0D2221EDCA700E61051 /* Debug */ = {
			isa = XCBuildConfiguration;
			buildSettings = {
				ASSETCATALOG_COMPILER_APPICON_NAME = AppIcon;
				CODE_SIGN_STYLE = Automatic;
				DEVELOPMENT_TEAM = V9TV25TFN7;
				INFOPLIST_FILE = "spritekit-plataform/Info.plist";
				LD_RUNPATH_SEARCH_PATHS = (
					"$(inherited)",
					"@executable_path/Frameworks",
				);
				PRODUCT_BUNDLE_IDENTIFIER = com.Link.SmashRoyale;
				PRODUCT_NAME = "$(TARGET_NAME)";
				SWIFT_VERSION = 4.2;
				TARGETED_DEVICE_FAMILY = "1,2";
			};
			name = Debug;
		};
		A397A0D3221EDCA700E61051 /* Release */ = {
			isa = XCBuildConfiguration;
			buildSettings = {
				ASSETCATALOG_COMPILER_APPICON_NAME = AppIcon;
				CODE_SIGN_STYLE = Automatic;
				DEVELOPMENT_TEAM = V9TV25TFN7;
				INFOPLIST_FILE = "spritekit-plataform/Info.plist";
				LD_RUNPATH_SEARCH_PATHS = (
					"$(inherited)",
					"@executable_path/Frameworks",
				);
				PRODUCT_BUNDLE_IDENTIFIER = com.Link.SmashRoyale;
				PRODUCT_NAME = "$(TARGET_NAME)";
				SWIFT_VERSION = 4.2;
				TARGETED_DEVICE_FAMILY = "1,2";
			};
			name = Release;
		};
/* End XCBuildConfiguration section */

/* Begin XCConfigurationList section */
		A397A0B4221EDCA400E61051 /* Build configuration list for PBXProject "spritekit-plataform" */ = {
			isa = XCConfigurationList;
			buildConfigurations = (
				A397A0CF221EDCA700E61051 /* Debug */,
				A397A0D0221EDCA700E61051 /* Release */,
			);
			defaultConfigurationIsVisible = 0;
			defaultConfigurationName = Release;
		};
		A397A0D1221EDCA700E61051 /* Build configuration list for PBXNativeTarget "spritekit-plataform" */ = {
			isa = XCConfigurationList;
			buildConfigurations = (
				A397A0D2221EDCA700E61051 /* Debug */,
				A397A0D3221EDCA700E61051 /* Release */,
			);
			defaultConfigurationIsVisible = 0;
			defaultConfigurationName = Release;
		};
/* End XCConfigurationList section */
	};
	rootObject = A397A0B1221EDCA400E61051 /* Project object */;
}
